
Microsoft Visual Studio Solution File, Format Version 11.00
# Visual Studio 2010
Project("{FAE04EC0-301F-11D3-BF4B-00C04F79EFBC}") = "CSharp-learning", "CSharp-learning.csproj", "{AFAA5ED8-6CAB-4ABA-B092-FD588FF9407A}"
EndProject
Global
	GlobalSection(SolutionConfigurationPlatforms) = preSolution
		Debug|x86 = Debug|x86
		Release|x86 = Release|x86
	EndGlobalSection
	GlobalSection(ProjectConfigurationPlatforms) = postSolution
		{AFAA5ED8-6CAB-4ABA-B092-FD588FF9407A}.Debug|x86.ActiveCfg = Debug|x86
		{AFAA5ED8-6CAB-4ABA-B092-FD588FF9407A}.Debug|x86.Build.0 = Debug|x86
		{AFAA5ED8-6CAB-4ABA-B092-FD588FF9407A}.Release|x86.ActiveCfg = Release|x86
		{AFAA5ED8-6CAB-4ABA-B092-FD588FF9407A}.Release|x86.Build.0 = Release|x86
	EndGlobalSection
	GlobalSection(SolutionProperties) = preSolution
		HideSolutionNode = FALSE
	EndGlobalSection
EndGlobal
